// !$*UTF8*$!
{
	archiveVersion = 1;
	classes = {
	};
	objectVersion = 56;
	objects = {

/* Begin PBXBuildFile section */
		AD0F05622C05C12A00E5CE21 /* AppDelegate.swift in Sources */ = {isa = PBXBuildFile; fileRef = AD0F05612C05C12A00E5CE21 /* AppDelegate.swift */; };
		AD319ABD2C06D2DD001563F3 /* VerificationView.swift in Sources */ = {isa = PBXBuildFile; fileRef = AD319ABC2C06D2DD001563F3 /* VerificationView.swift */; };
		AD319ABF2C06DAA8001563F3 /* AppState.swift in Sources */ = {isa = PBXBuildFile; fileRef = AD319ABE2C06DAA8001563F3 /* AppState.swift */; };
		AD319AC12C0719AC001563F3 /* AttendanceView.swift in Sources */ = {isa = PBXBuildFile; fileRef = AD319AC02C0719AC001563F3 /* AttendanceView.swift */; };
		AD319AC62C07C3AB001563F3 /* AttendanceActionModel.swift in Sources */ = {isa = PBXBuildFile; fileRef = AD319AC52C07C3AB001563F3 /* AttendanceActionModel.swift */; };
		AD319AC92C07C6F3001563F3 /* Auth in Frameworks */ = {isa = PBXBuildFile; productRef = AD319AC82C07C6F3001563F3 /* Auth */; };
		AD319ACB2C07C6F3001563F3 /* Functions in Frameworks */ = {isa = PBXBuildFile; productRef = AD319ACA2C07C6F3001563F3 /* Functions */; };
		AD319ACD2C07C6F3001563F3 /* PostgREST in Frameworks */ = {isa = PBXBuildFile; productRef = AD319ACC2C07C6F3001563F3 /* PostgREST */; };
		AD319ACF2C07C6F3001563F3 /* Realtime in Frameworks */ = {isa = PBXBuildFile; productRef = AD319ACE2C07C6F3001563F3 /* Realtime */; };
		AD319AD12C07C6F4001563F3 /* Storage in Frameworks */ = {isa = PBXBuildFile; productRef = AD319AD02C07C6F4001563F3 /* Storage */; };
		AD319AD32C07C732001563F3 /* Auth in Frameworks */ = {isa = PBXBuildFile; productRef = AD319AD22C07C732001563F3 /* Auth */; };
		AD319AD52C07C732001563F3 /* Functions in Frameworks */ = {isa = PBXBuildFile; productRef = AD319AD42C07C732001563F3 /* Functions */; };
		AD319AD72C07C732001563F3 /* PostgREST in Frameworks */ = {isa = PBXBuildFile; productRef = AD319AD62C07C732001563F3 /* PostgREST */; };
		AD319AD92C07C732001563F3 /* Realtime in Frameworks */ = {isa = PBXBuildFile; productRef = AD319AD82C07C732001563F3 /* Realtime */; };
		AD319ADB2C07C732001563F3 /* Storage in Frameworks */ = {isa = PBXBuildFile; productRef = AD319ADA2C07C732001563F3 /* Storage */; };
		AD319ADD2C07C74E001563F3 /* Constant.swift in Sources */ = {isa = PBXBuildFile; fileRef = AD319ADC2C07C74E001563F3 /* Constant.swift */; };
		AD319AE02C07C7F9001563F3 /* Supabase in Frameworks */ = {isa = PBXBuildFile; productRef = AD319ADF2C07C7F9001563F3 /* Supabase */; };
		AD7E6D8B2C1ADD8B0002291D /* AttendanceHistoryModel.swift in Sources */ = {isa = PBXBuildFile; fileRef = AD7E6D8A2C1ADD8B0002291D /* AttendanceHistoryModel.swift */; };
		AD7E6D8D2C1B17800002291D /* BehaviorClassification.mlmodel in Sources */ = {isa = PBXBuildFile; fileRef = AD7E6D8C2C1B17800002291D /* BehaviorClassification.mlmodel */; };
		ADFBD3CA2C04FA8800599883 /* SIHadirApp.swift in Sources */ = {isa = PBXBuildFile; fileRef = ADFBD3C92C04FA8800599883 /* SIHadirApp.swift */; };
		ADFBD3CC2C04FA8800599883 /* ContentView.swift in Sources */ = {isa = PBXBuildFile; fileRef = ADFBD3CB2C04FA8800599883 /* ContentView.swift */; };
		ADFBD3CE2C04FA8900599883 /* Assets.xcassets in Resources */ = {isa = PBXBuildFile; fileRef = ADFBD3CD2C04FA8900599883 /* Assets.xcassets */; };
		ADFBD3D12C04FA8900599883 /* Preview Assets.xcassets in Resources */ = {isa = PBXBuildFile; fileRef = ADFBD3D02C04FA8900599883 /* Preview Assets.xcassets */; };
		ADFBD3D82C04FAAF00599883 /* BeaconFinder.swift in Sources */ = {isa = PBXBuildFile; fileRef = ADFBD3D72C04FAAF00599883 /* BeaconFinder.swift */; };
		ADFBD3DE2C04FCD600599883 /* AttendanceViewModel.swift in Sources */ = {isa = PBXBuildFile; fileRef = ADFBD3DD2C04FCD600599883 /* AttendanceViewModel.swift */; };
/* End PBXBuildFile section */

/* Begin PBXFileReference section */
		AD0F05602C05BD4700E5CE21 /* Info.plist */ = {isa = PBXFileReference; lastKnownFileType = text.plist; path = Info.plist; sourceTree = "<group>"; };
		AD0F05612C05C12A00E5CE21 /* AppDelegate.swift */ = {isa = PBXFileReference; lastKnownFileType = sourcecode.swift; path = AppDelegate.swift; sourceTree = "<group>"; };
		AD319ABC2C06D2DD001563F3 /* VerificationView.swift */ = {isa = PBXFileReference; lastKnownFileType = sourcecode.swift; path = VerificationView.swift; sourceTree = "<group>"; };
		AD319ABE2C06DAA8001563F3 /* AppState.swift */ = {isa = PBXFileReference; lastKnownFileType = sourcecode.swift; path = AppState.swift; sourceTree = "<group>"; };
		AD319AC02C0719AC001563F3 /* AttendanceView.swift */ = {isa = PBXFileReference; lastKnownFileType = sourcecode.swift; path = AttendanceView.swift; sourceTree = "<group>"; };
		AD319AC52C07C3AB001563F3 /* AttendanceActionModel.swift */ = {isa = PBXFileReference; lastKnownFileType = sourcecode.swift; path = AttendanceActionModel.swift; sourceTree = "<group>"; };
		AD319ADC2C07C74E001563F3 /* Constant.swift */ = {isa = PBXFileReference; lastKnownFileType = sourcecode.swift; path = Constant.swift; sourceTree = "<group>"; };
		AD7E6D8A2C1ADD8B0002291D /* AttendanceHistoryModel.swift */ = {isa = PBXFileReference; lastKnownFileType = sourcecode.swift; path = AttendanceHistoryModel.swift; sourceTree = "<group>"; };
		AD7E6D8C2C1B17800002291D /* BehaviorClassification.mlmodel */ = {isa = PBXFileReference; lastKnownFileType = file.mlmodel; path = BehaviorClassification.mlmodel; sourceTree = "<group>"; };
		ADFBD3C62C04FA8800599883 /* SIHadir.app */ = {isa = PBXFileReference; explicitFileType = wrapper.application; includeInIndex = 0; path = SIHadir.app; sourceTree = BUILT_PRODUCTS_DIR; };
		ADFBD3C92C04FA8800599883 /* SIHadirApp.swift */ = {isa = PBXFileReference; lastKnownFileType = sourcecode.swift; path = SIHadirApp.swift; sourceTree = "<group>"; };
		ADFBD3CB2C04FA8800599883 /* ContentView.swift */ = {isa = PBXFileReference; lastKnownFileType = sourcecode.swift; path = ContentView.swift; sourceTree = "<group>"; };
		ADFBD3CD2C04FA8900599883 /* Assets.xcassets */ = {isa = PBXFileReference; lastKnownFileType = folder.assetcatalog; path = Assets.xcassets; sourceTree = "<group>"; };
		ADFBD3D02C04FA8900599883 /* Preview Assets.xcassets */ = {isa = PBXFileReference; lastKnownFileType = folder.assetcatalog; path = "Preview Assets.xcassets"; sourceTree = "<group>"; };
		ADFBD3D72C04FAAF00599883 /* BeaconFinder.swift */ = {isa = PBXFileReference; lastKnownFileType = sourcecode.swift; path = BeaconFinder.swift; sourceTree = "<group>"; };
		ADFBD3DD2C04FCD600599883 /* AttendanceViewModel.swift */ = {isa = PBXFileReference; lastKnownFileType = sourcecode.swift; path = AttendanceViewModel.swift; sourceTree = "<group>"; };
/* End PBXFileReference section */

/* Begin PBXFrameworksBuildPhase section */
		ADFBD3C32C04FA8800599883 /* Frameworks */ = {
			isa = PBXFrameworksBuildPhase;
			buildActionMask = 2147483647;
			files = (
				AD319AE02C07C7F9001563F3 /* Supabase in Frameworks */,
				AD319AD92C07C732001563F3 /* Realtime in Frameworks */,
				AD319ACD2C07C6F3001563F3 /* PostgREST in Frameworks */,
				AD319ACB2C07C6F3001563F3 /* Functions in Frameworks */,
				AD319AD32C07C732001563F3 /* Auth in Frameworks */,
				AD319AC92C07C6F3001563F3 /* Auth in Frameworks */,
				AD319AD72C07C732001563F3 /* PostgREST in Frameworks */,
				AD319AD52C07C732001563F3 /* Functions in Frameworks */,
				AD319AD12C07C6F4001563F3 /* Storage in Frameworks */,
				AD319ADB2C07C732001563F3 /* Storage in Frameworks */,
				AD319ACF2C07C6F3001563F3 /* Realtime in Frameworks */,
			);
			runOnlyForDeploymentPostprocessing = 0;
		};
/* End PBXFrameworksBuildPhase section */

/* Begin PBXGroup section */
		AD319ABA2C06D2C0001563F3 /* Verification */ = {
			isa = PBXGroup;
			children = (
				AD319ABB2C06D2CB001563F3 /* View */,
			);
			path = Verification;
			sourceTree = "<group>";
		};
		AD319ABB2C06D2CB001563F3 /* View */ = {
			isa = PBXGroup;
			children = (
				AD319ABC2C06D2DD001563F3 /* VerificationView.swift */,
			);
			path = View;
			sourceTree = "<group>";
		};
		AD319AC42C07C391001563F3 /* Model */ = {
			isa = PBXGroup;
			children = (
				AD319AC52C07C3AB001563F3 /* AttendanceActionModel.swift */,
				AD7E6D8A2C1ADD8B0002291D /* AttendanceHistoryModel.swift */,
			);
			path = Model;
			sourceTree = "<group>";
		};
		AD319ADE2C07C7F9001563F3 /* Frameworks */ = {
			isa = PBXGroup;
			children = (
			);
			name = Frameworks;
			sourceTree = "<group>";
		};
		ADFBD3BD2C04FA8800599883 = {
			isa = PBXGroup;
			children = (
				ADFBD3C82C04FA8800599883 /* SIHadir */,
				ADFBD3C72C04FA8800599883 /* Products */,
				AD319ADE2C07C7F9001563F3 /* Frameworks */,
			);
			sourceTree = "<group>";
		};
		ADFBD3C72C04FA8800599883 /* Products */ = {
			isa = PBXGroup;
			children = (
				ADFBD3C62C04FA8800599883 /* SIHadir.app */,
			);
			name = Products;
			sourceTree = "<group>";
		};
		ADFBD3C82C04FA8800599883 /* SIHadir */ = {
			isa = PBXGroup;
			children = (
				AD0F05602C05BD4700E5CE21 /* Info.plist */,
				ADFBD3DB2C04FBEF00599883 /* Utilities */,
				ADFBD3D92C04FAF900599883 /* Features */,
				ADFBD3C92C04FA8800599883 /* SIHadirApp.swift */,
				ADFBD3CB2C04FA8800599883 /* ContentView.swift */,
				ADFBD3CD2C04FA8900599883 /* Assets.xcassets */,
				ADFBD3CF2C04FA8900599883 /* Preview Content */,
				AD319ABE2C06DAA8001563F3 /* AppState.swift */,
			);
			path = SIHadir;
			sourceTree = "<group>";
		};
		ADFBD3CF2C04FA8900599883 /* Preview Content */ = {
			isa = PBXGroup;
			children = (
				ADFBD3D02C04FA8900599883 /* Preview Assets.xcassets */,
			);
			path = "Preview Content";
			sourceTree = "<group>";
		};
		ADFBD3D92C04FAF900599883 /* Features */ = {
			isa = PBXGroup;
			children = (
				AD319ABA2C06D2C0001563F3 /* Verification */,
				ADFBD3DA2C04FB1F00599883 /* Attendance */,
			);
			path = Features;
			sourceTree = "<group>";
		};
		ADFBD3DA2C04FB1F00599883 /* Attendance */ = {
			isa = PBXGroup;
			children = (
				AD319AC42C07C391001563F3 /* Model */,
				ADFBD3DF2C04FDB500599883 /* View */,
				ADFBD3DC2C04FC9F00599883 /* ViewModel */,
			);
			path = Attendance;
			sourceTree = "<group>";
		};
		ADFBD3DB2C04FBEF00599883 /* Utilities */ = {
			isa = PBXGroup;
			children = (
				AD7E6D8C2C1B17800002291D /* BehaviorClassification.mlmodel */,
				ADFBD3D72C04FAAF00599883 /* BeaconFinder.swift */,
				AD0F05612C05C12A00E5CE21 /* AppDelegate.swift */,
				AD319ADC2C07C74E001563F3 /* Constant.swift */,
			);
			path = Utilities;
			sourceTree = "<group>";
		};
		ADFBD3DC2C04FC9F00599883 /* ViewModel */ = {
			isa = PBXGroup;
			children = (
				ADFBD3DD2C04FCD600599883 /* AttendanceViewModel.swift */,
			);
			path = ViewModel;
			sourceTree = "<group>";
		};
		ADFBD3DF2C04FDB500599883 /* View */ = {
			isa = PBXGroup;
			children = (
				AD319AC02C0719AC001563F3 /* AttendanceView.swift */,
			);
			path = View;
			sourceTree = "<group>";
		};
/* End PBXGroup section */

/* Begin PBXNativeTarget section */
		ADFBD3C52C04FA8800599883 /* SIHadir */ = {
			isa = PBXNativeTarget;
			buildConfigurationList = ADFBD3D42C04FA8900599883 /* Build configuration list for PBXNativeTarget "SIHadir" */;
			buildPhases = (
				ADFBD3C22C04FA8800599883 /* Sources */,
				ADFBD3C32C04FA8800599883 /* Frameworks */,
				ADFBD3C42C04FA8800599883 /* Resources */,
			);
			buildRules = (
			);
			dependencies = (
			);
			name = SIHadir;
			packageProductDependencies = (
				AD319AC82C07C6F3001563F3 /* Auth */,
				AD319ACA2C07C6F3001563F3 /* Functions */,
				AD319ACC2C07C6F3001563F3 /* PostgREST */,
				AD319ACE2C07C6F3001563F3 /* Realtime */,
				AD319AD02C07C6F4001563F3 /* Storage */,
				AD319AD22C07C732001563F3 /* Auth */,
				AD319AD42C07C732001563F3 /* Functions */,
				AD319AD62C07C732001563F3 /* PostgREST */,
				AD319AD82C07C732001563F3 /* Realtime */,
				AD319ADA2C07C732001563F3 /* Storage */,
				AD319ADF2C07C7F9001563F3 /* Supabase */,
			);
			productName = SIHadir;
			productReference = ADFBD3C62C04FA8800599883 /* SIHadir.app */;
			productType = "com.apple.product-type.application";
		};
/* End PBXNativeTarget section */

/* Begin PBXProject section */
		ADFBD3BE2C04FA8800599883 /* Project object */ = {
			isa = PBXProject;
			attributes = {
				BuildIndependentTargetsInParallel = 1;
				LastSwiftUpdateCheck = 1520;
				LastUpgradeCheck = 1520;
				TargetAttributes = {
					ADFBD3C52C04FA8800599883 = {
						CreatedOnToolsVersion = 15.2;
					};
				};
			};
			buildConfigurationList = ADFBD3C12C04FA8800599883 /* Build configuration list for PBXProject "SIHadir" */;
			compatibilityVersion = "Xcode 14.0";
			developmentRegion = en;
			hasScannedForEncodings = 0;
			knownRegions = (
				en,
				Base,
			);
			mainGroup = ADFBD3BD2C04FA8800599883;
			packageReferences = (
				AD319AC72C07C6F3001563F3 /* XCRemoteSwiftPackageReference "supabase-swift" */,
			);
			productRefGroup = ADFBD3C72C04FA8800599883 /* Products */;
			projectDirPath = "";
			projectRoot = "";
			targets = (
				ADFBD3C52C04FA8800599883 /* SIHadir */,
			);
		};
/* End PBXProject section */

/* Begin PBXResourcesBuildPhase section */
		ADFBD3C42C04FA8800599883 /* Resources */ = {
			isa = PBXResourcesBuildPhase;
			buildActionMask = 2147483647;
			files = (
				ADFBD3D12C04FA8900599883 /* Preview Assets.xcassets in Resources */,
				ADFBD3CE2C04FA8900599883 /* Assets.xcassets in Resources */,
			);
			runOnlyForDeploymentPostprocessing = 0;
		};
/* End PBXResourcesBuildPhase section */

/* Begin PBXSourcesBuildPhase section */
		ADFBD3C22C04FA8800599883 /* Sources */ = {
			isa = PBXSourcesBuildPhase;
			buildActionMask = 2147483647;
			files = (
				ADFBD3CC2C04FA8800599883 /* ContentView.swift in Sources */,
				AD7E6D8B2C1ADD8B0002291D /* AttendanceHistoryModel.swift in Sources */,
				ADFBD3D82C04FAAF00599883 /* BeaconFinder.swift in Sources */,
				ADFBD3CA2C04FA8800599883 /* SIHadirApp.swift in Sources */,
				AD319ABF2C06DAA8001563F3 /* AppState.swift in Sources */,
				ADFBD3DE2C04FCD600599883 /* AttendanceViewModel.swift in Sources */,
				AD7E6D8D2C1B17800002291D /* BehaviorClassification.mlmodel in Sources */,
				AD319AC12C0719AC001563F3 /* AttendanceView.swift in Sources */,
				AD319AC62C07C3AB001563F3 /* AttendanceActionModel.swift in Sources */,
				AD319ADD2C07C74E001563F3 /* Constant.swift in Sources */,
				AD319ABD2C06D2DD001563F3 /* VerificationView.swift in Sources */,
				AD0F05622C05C12A00E5CE21 /* AppDelegate.swift in Sources */,
			);
			runOnlyForDeploymentPostprocessing = 0;
		};
/* End PBXSourcesBuildPhase section */

/* Begin XCBuildConfiguration section */
		ADFBD3D22C04FA8900599883 /* Debug */ = {
			isa = XCBuildConfiguration;
			buildSettings = {
				ALWAYS_SEARCH_USER_PATHS = NO;
				ASSETCATALOG_COMPILER_GENERATE_SWIFT_ASSET_SYMBOL_EXTENSIONS = YES;
				CLANG_ANALYZER_NONNULL = YES;
				CLANG_ANALYZER_NUMBER_OBJECT_CONVERSION = YES_AGGRESSIVE;
				CLANG_CXX_LANGUAGE_STANDARD = "gnu++20";
				CLANG_ENABLE_MODULES = YES;
				CLANG_ENABLE_OBJC_ARC = YES;
				CLANG_ENABLE_OBJC_WEAK = YES;
				CLANG_WARN_BLOCK_CAPTURE_AUTORELEASING = YES;
				CLANG_WARN_BOOL_CONVERSION = YES;
				CLANG_WARN_COMMA = YES;
				CLANG_WARN_CONSTANT_CONVERSION = YES;
				CLANG_WARN_DEPRECATED_OBJC_IMPLEMENTATIONS = YES;
				CLANG_WARN_DIRECT_OBJC_ISA_USAGE = YES_ERROR;
				CLANG_WARN_DOCUMENTATION_COMMENTS = YES;
				CLANG_WARN_EMPTY_BODY = YES;
				CLANG_WARN_ENUM_CONVERSION = YES;
				CLANG_WARN_INFINITE_RECURSION = YES;
				CLANG_WARN_INT_CONVERSION = YES;
				CLANG_WARN_NON_LITERAL_NULL_CONVERSION = YES;
				CLANG_WARN_OBJC_IMPLICIT_RETAIN_SELF = YES;
				CLANG_WARN_OBJC_LITERAL_CONVERSION = YES;
				CLANG_WARN_OBJC_ROOT_CLASS = YES_ERROR;
				CLANG_WARN_QUOTED_INCLUDE_IN_FRAMEWORK_HEADER = YES;
				CLANG_WARN_RANGE_LOOP_ANALYSIS = YES;
				CLANG_WARN_STRICT_PROTOTYPES = YES;
				CLANG_WARN_SUSPICIOUS_MOVE = YES;
				CLANG_WARN_UNGUARDED_AVAILABILITY = YES_AGGRESSIVE;
				CLANG_WARN_UNREACHABLE_CODE = YES;
				CLANG_WARN__DUPLICATE_METHOD_MATCH = YES;
				COPY_PHASE_STRIP = NO;
				DEBUG_INFORMATION_FORMAT = dwarf;
				ENABLE_STRICT_OBJC_MSGSEND = YES;
				ENABLE_TESTABILITY = YES;
				ENABLE_USER_SCRIPT_SANDBOXING = YES;
				GCC_C_LANGUAGE_STANDARD = gnu17;
				GCC_DYNAMIC_NO_PIC = NO;
				GCC_NO_COMMON_BLOCKS = YES;
				GCC_OPTIMIZATION_LEVEL = 0;
				GCC_PREPROCESSOR_DEFINITIONS = (
					"DEBUG=1",
					"$(inherited)",
				);
				GCC_WARN_64_TO_32_BIT_CONVERSION = YES;
				GCC_WARN_ABOUT_RETURN_TYPE = YES_ERROR;
				GCC_WARN_UNDECLARED_SELECTOR = YES;
				GCC_WARN_UNINITIALIZED_AUTOS = YES_AGGRESSIVE;
				GCC_WARN_UNUSED_FUNCTION = YES;
				GCC_WARN_UNUSED_VARIABLE = YES;
				IPHONEOS_DEPLOYMENT_TARGET = 17.2;
				LOCALIZATION_PREFERS_STRING_CATALOGS = YES;
				MTL_ENABLE_DEBUG_INFO = INCLUDE_SOURCE;
				MTL_FAST_MATH = YES;
				ONLY_ACTIVE_ARCH = YES;
				SDKROOT = iphoneos;
				SWIFT_ACTIVE_COMPILATION_CONDITIONS = "DEBUG $(inherited)";
				SWIFT_OPTIMIZATION_LEVEL = "-Onone";
			};
			name = Debug;
		};
		ADFBD3D32C04FA8900599883 /* Release */ = {
			isa = XCBuildConfiguration;
			buildSettings = {
				ALWAYS_SEARCH_USER_PATHS = NO;
				ASSETCATALOG_COMPILER_GENERATE_SWIFT_ASSET_SYMBOL_EXTENSIONS = YES;
				CLANG_ANALYZER_NONNULL = YES;
				CLANG_ANALYZER_NUMBER_OBJECT_CONVERSION = YES_AGGRESSIVE;
				CLANG_CXX_LANGUAGE_STANDARD = "gnu++20";
				CLANG_ENABLE_MODULES = YES;
				CLANG_ENABLE_OBJC_ARC = YES;
				CLANG_ENABLE_OBJC_WEAK = YES;
				CLANG_WARN_BLOCK_CAPTURE_AUTORELEASING = YES;
				CLANG_WARN_BOOL_CONVERSION = YES;
				CLANG_WARN_COMMA = YES;
				CLANG_WARN_CONSTANT_CONVERSION = YES;
				CLANG_WARN_DEPRECATED_OBJC_IMPLEMENTATIONS = YES;
				CLANG_WARN_DIRECT_OBJC_ISA_USAGE = YES_ERROR;
				CLANG_WARN_DOCUMENTATION_COMMENTS = YES;
				CLANG_WARN_EMPTY_BODY = YES;
				CLANG_WARN_ENUM_CONVERSION = YES;
				CLANG_WARN_INFINITE_RECURSION = YES;
				CLANG_WARN_INT_CONVERSION = YES;
				CLANG_WARN_NON_LITERAL_NULL_CONVERSION = YES;
				CLANG_WARN_OBJC_IMPLICIT_RETAIN_SELF = YES;
				CLANG_WARN_OBJC_LITERAL_CONVERSION = YES;
				CLANG_WARN_OBJC_ROOT_CLASS = YES_ERROR;
				CLANG_WARN_QUOTED_INCLUDE_IN_FRAMEWORK_HEADER = YES;
				CLANG_WARN_RANGE_LOOP_ANALYSIS = YES;
				CLANG_WARN_STRICT_PROTOTYPES = YES;
				CLANG_WARN_SUSPICIOUS_MOVE = YES;
				CLANG_WARN_UNGUARDED_AVAILABILITY = YES_AGGRESSIVE;
				CLANG_WARN_UNREACHABLE_CODE = YES;
				CLANG_WARN__DUPLICATE_METHOD_MATCH = YES;
				COPY_PHASE_STRIP = NO;
				DEBUG_INFORMATION_FORMAT = "dwarf-with-dsym";
				ENABLE_NS_ASSERTIONS = NO;
				ENABLE_STRICT_OBJC_MSGSEND = YES;
				ENABLE_USER_SCRIPT_SANDBOXING = YES;
				GCC_C_LANGUAGE_STANDARD = gnu17;
				GCC_NO_COMMON_BLOCKS = YES;
				GCC_WARN_64_TO_32_BIT_CONVERSION = YES;
				GCC_WARN_ABOUT_RETURN_TYPE = YES_ERROR;
				GCC_WARN_UNDECLARED_SELECTOR = YES;
				GCC_WARN_UNINITIALIZED_AUTOS = YES_AGGRESSIVE;
				GCC_WARN_UNUSED_FUNCTION = YES;
				GCC_WARN_UNUSED_VARIABLE = YES;
				IPHONEOS_DEPLOYMENT_TARGET = 17.2;
				LOCALIZATION_PREFERS_STRING_CATALOGS = YES;
				MTL_ENABLE_DEBUG_INFO = NO;
				MTL_FAST_MATH = YES;
				SDKROOT = iphoneos;
				SWIFT_COMPILATION_MODE = wholemodule;
				VALIDATE_PRODUCT = YES;
			};
			name = Release;
		};
		ADFBD3D52C04FA8900599883 /* Debug */ = {
			isa = XCBuildConfiguration;
			buildSettings = {
				ASSETCATALOG_COMPILER_APPICON_NAME = AppIcon;
				ASSETCATALOG_COMPILER_GLOBAL_ACCENT_COLOR_NAME = AccentColor;
				CODE_SIGN_STYLE = Automatic;
				CURRENT_PROJECT_VERSION = 1;
				DEVELOPMENT_ASSET_PATHS = "\"SIHadir/Preview Content\"";
				DEVELOPMENT_TEAM = 7UW53Z6Q89;
				ENABLE_PREVIEWS = YES;
				GENERATE_INFOPLIST_FILE = YES;
				INFOPLIST_FILE = SIHadir/Info.plist;
				INFOPLIST_KEY_NSFaceIDUsageDescription = verification;
				INFOPLIST_KEY_NSLocationAlwaysAndWhenInUseUsageDescription = "Class detection";
				INFOPLIST_KEY_NSLocationAlwaysUsageDescription = "Class detection";
				INFOPLIST_KEY_NSLocationUsageDescription = "Class detection";
				INFOPLIST_KEY_NSLocationWhenInUseUsageDescription = "Class detection";
				INFOPLIST_KEY_UIApplicationSceneManifest_Generation = YES;
				INFOPLIST_KEY_UIApplicationSupportsIndirectInputEvents = YES;
				INFOPLIST_KEY_UILaunchScreen_Generation = YES;
				INFOPLIST_KEY_UISupportedInterfaceOrientations_iPad = "UIInterfaceOrientationPortrait UIInterfaceOrientationPortraitUpsideDown UIInterfaceOrientationLandscapeLeft UIInterfaceOrientationLandscapeRight";
				INFOPLIST_KEY_UISupportedInterfaceOrientations_iPhone = "UIInterfaceOrientationPortrait UIInterfaceOrientationLandscapeLeft UIInterfaceOrientationLandscapeRight";
				LD_RUNPATH_SEARCH_PATHS = (
					"$(inherited)",
					"@executable_path/Frameworks",
				);
				MARKETING_VERSION = 1.0;
				PRODUCT_BUNDLE_IDENTIFIER = com.mymy.SIHadir;
				PRODUCT_NAME = "$(TARGET_NAME)";
				SWIFT_EMIT_LOC_STRINGS = YES;
				SWIFT_VERSION = 5.0;
				TARGETED_DEVICE_FAMILY = "1,2";
			};
			name = Debug;
		};
		ADFBD3D62C04FA8900599883 /* Release */ = {
			isa = XCBuildConfiguration;
			buildSettings = {
				ASSETCATALOG_COMPILER_APPICON_NAME = AppIcon;
				ASSETCATALOG_COMPILER_GLOBAL_ACCENT_COLOR_NAME = AccentColor;
				CODE_SIGN_STYLE = Automatic;
				CURRENT_PROJECT_VERSION = 1;
				DEVELOPMENT_ASSET_PATHS = "\"SIHadir/Preview Content\"";
				DEVELOPMENT_TEAM = 7UW53Z6Q89;
				ENABLE_PREVIEWS = YES;
				GENERATE_INFOPLIST_FILE = YES;
				INFOPLIST_FILE = SIHadir/Info.plist;
				INFOPLIST_KEY_NSFaceIDUsageDescription = verification;
				INFOPLIST_KEY_NSLocationAlwaysAndWhenInUseUsageDescription = "Class detection";
				INFOPLIST_KEY_NSLocationAlwaysUsageDescription = "Class detection";
				INFOPLIST_KEY_NSLocationUsageDescription = "Class detection";
				INFOPLIST_KEY_NSLocationWhenInUseUsageDescription = "Class detection";
				INFOPLIST_KEY_UIApplicationSceneManifest_Generation = YES;
				INFOPLIST_KEY_UIApplicationSupportsIndirectInputEvents = YES;
				INFOPLIST_KEY_UILaunchScreen_Generation = YES;
				INFOPLIST_KEY_UISupportedInterfaceOrientations_iPad = "UIInterfaceOrientationPortrait UIInterfaceOrientationPortraitUpsideDown UIInterfaceOrientationLandscapeLeft UIInterfaceOrientationLandscapeRight";
				INFOPLIST_KEY_UISupportedInterfaceOrientations_iPhone = "UIInterfaceOrientationPortrait UIInterfaceOrientationLandscapeLeft UIInterfaceOrientationLandscapeRight";
				LD_RUNPATH_SEARCH_PATHS = (
					"$(inherited)",
					"@executable_path/Frameworks",
				);
				MARKETING_VERSION = 1.0;
				PRODUCT_BUNDLE_IDENTIFIER = com.mymy.SIHadir;
				PRODUCT_NAME = "$(TARGET_NAME)";
				SWIFT_EMIT_LOC_STRINGS = YES;
				SWIFT_VERSION = 5.0;
				TARGETED_DEVICE_FAMILY = "1,2";
			};
			name = Release;
		};
/* End XCBuildConfiguration section */

/* Begin XCConfigurationList section */
		ADFBD3C12C04FA8800599883 /* Build configuration list for PBXProject "SIHadir" */ = {
			isa = XCConfigurationList;
			buildConfigurations = (
				ADFBD3D22C04FA8900599883 /* Debug */,
				ADFBD3D32C04FA8900599883 /* Release */,
			);
			defaultConfigurationIsVisible = 0;
			defaultConfigurationName = Release;
		};
		ADFBD3D42C04FA8900599883 /* Build configuration list for PBXNativeTarget "SIHadir" */ = {
			isa = XCConfigurationList;
			buildConfigurations = (
				ADFBD3D52C04FA8900599883 /* Debug */,
				ADFBD3D62C04FA8900599883 /* Release */,
			);
			defaultConfigurationIsVisible = 0;
			defaultConfigurationName = Release;
		};
/* End XCConfigurationList section */

/* Begin XCRemoteSwiftPackageReference section */
		AD319AC72C07C6F3001563F3 /* XCRemoteSwiftPackageReference "supabase-swift" */ = {
			isa = XCRemoteSwiftPackageReference;
			repositoryURL = "https://github.com/supabase-community/supabase-swift.git";
			requirement = {
				kind = upToNextMajorVersion;
				minimumVersion = 2.5.1;
			};
		};
/* End XCRemoteSwiftPackageReference section */

/* Begin XCSwiftPackageProductDependency section */
		AD319AC82C07C6F3001563F3 /* Auth */ = {
			isa = XCSwiftPackageProductDependency;
			package = AD319AC72C07C6F3001563F3 /* XCRemoteSwiftPackageReference "supabase-swift" */;
			productName = Auth;
		};
		AD319ACA2C07C6F3001563F3 /* Functions */ = {
			isa = XCSwiftPackageProductDependency;
			package = AD319AC72C07C6F3001563F3 /* XCRemoteSwiftPackageReference "supabase-swift" */;
			productName = Functions;
		};
		AD319ACC2C07C6F3001563F3 /* PostgREST */ = {
			isa = XCSwiftPackageProductDependency;
			package = AD319AC72C07C6F3001563F3 /* XCRemoteSwiftPackageReference "supabase-swift" */;
			productName = PostgREST;
		};
		AD319ACE2C07C6F3001563F3 /* Realtime */ = {
			isa = XCSwiftPackageProductDependency;
			package = AD319AC72C07C6F3001563F3 /* XCRemoteSwiftPackageReference "supabase-swift" */;
			productName = Realtime;
		};
		AD319AD02C07C6F4001563F3 /* Storage */ = {
			isa = XCSwiftPackageProductDependency;
			package = AD319AC72C07C6F3001563F3 /* XCRemoteSwiftPackageReference "supabase-swift" */;
			productName = Storage;
		};
		AD319AD22C07C732001563F3 /* Auth */ = {
			isa = XCSwiftPackageProductDependency;
			package = AD319AC72C07C6F3001563F3 /* XCRemoteSwiftPackageReference "supabase-swift" */;
			productName = Auth;
		};
		AD319AD42C07C732001563F3 /* Functions */ = {
			isa = XCSwiftPackageProductDependency;
			package = AD319AC72C07C6F3001563F3 /* XCRemoteSwiftPackageReference "supabase-swift" */;
			productName = Functions;
		};
		AD319AD62C07C732001563F3 /* PostgREST */ = {
			isa = XCSwiftPackageProductDependency;
			package = AD319AC72C07C6F3001563F3 /* XCRemoteSwiftPackageReference "supabase-swift" */;
			productName = PostgREST;
		};
		AD319AD82C07C732001563F3 /* Realtime */ = {
			isa = XCSwiftPackageProductDependency;
			package = AD319AC72C07C6F3001563F3 /* XCRemoteSwiftPackageReference "supabase-swift" */;
			productName = Realtime;
		};
		AD319ADA2C07C732001563F3 /* Storage */ = {
			isa = XCSwiftPackageProductDependency;
			package = AD319AC72C07C6F3001563F3 /* XCRemoteSwiftPackageReference "supabase-swift" */;
			productName = Storage;
		};
		AD319ADF2C07C7F9001563F3 /* Supabase */ = {
			isa = XCSwiftPackageProductDependency;
			package = AD319AC72C07C6F3001563F3 /* XCRemoteSwiftPackageReference "supabase-swift" */;
			productName = Supabase;
		};
/* End XCSwiftPackageProductDependency section */
	};
	rootObject = ADFBD3BE2C04FA8800599883 /* Project object */;
}
